{
    "_meta": {
        "hash": {
            "sha256": "18955ef406a4fdac774ac37a0297055d374780883639c15b756402cf297f7265"
        },
        "pipfile-spec": 6,
        "requires": {
            "python_version": "3.9"
        },
        "sources": [
            {
                "name": "pypi",
                "url": "https://pypi.org/simple",
                "verify_ssl": true
            }
        ]
    },
    "default": {
        "absl-py": {
            "hashes": [
                "sha256:84e6dcdc69c947d0c13e5457d056bd43cade4c2393dce00d684aedea77ddc2a3",
                "sha256:ac511215c01ee9ae47b19716599e8ccfa746f2e18de72bdf641b79b22afa27ea"
            ],
            "markers": "python_version >= '3.6'",
            "version": "==1.0.0"
        },
        "numpy": {
            "hashes": [
                "sha256:1dbe1c91269f880e364526649a52eff93ac30035507ae980d2fed33aaee633ac",
                "sha256:357768c2e4451ac241465157a3e929b265dfac85d9214074985b1786244f2ef3",
                "sha256:3820724272f9913b597ccd13a467cc492a0da6b05df26ea09e78b171a0bb9da6",
                "sha256:4391bd07606be175aafd267ef9bea87cf1b8210c787666ce82073b05f202add1",
                "sha256:4aa48afdce4660b0076a00d80afa54e8a97cd49f457d68a4342d188a09451c1a",
                "sha256:58459d3bad03343ac4b1b42ed14d571b8743dc80ccbf27444f266729df1d6f5b",
                "sha256:5c3c8def4230e1b959671eb959083661b4a0d2e9af93ee339c7dada6759a9470",
                "sha256:5f30427731561ce75d7048ac254dbe47a2ba576229250fb60f0fb74db96501a1",
                "sha256:643843bcc1c50526b3a71cd2ee561cf0d8773f062c8cbaf9ffac9fdf573f83ab",
                "sha256:67c261d6c0a9981820c3a149d255a76918278a6b03b6a036800359aba1256d46",
                "sha256:67f21981ba2f9d7ba9ade60c9e8cbaa8cf8e9ae51673934480e45cf55e953673",
                "sha256:6aaf96c7f8cebc220cdfc03f1d5a31952f027dda050e5a703a0d1c396075e3e7",
                "sha256:7c4068a8c44014b2d55f3c3f574c376b2494ca9cc73d2f1bd692382b6dffe3db",
                "sha256:7c7e5fa88d9ff656e067876e4736379cc962d185d5cd808014a8a928d529ef4e",
                "sha256:7f5ae4f304257569ef3b948810816bc87c9146e8c446053539947eedeaa32786",
                "sha256:82691fda7c3f77c90e62da69ae60b5ac08e87e775b09813559f8901a88266552",
                "sha256:8737609c3bbdd48e380d463134a35ffad3b22dc56295eff6f79fd85bd0eeeb25",
                "sha256:9f411b2c3f3d76bba0865b35a425157c5dcf54937f82bbeb3d3c180789dd66a6",
                "sha256:a6be4cb0ef3b8c9250c19cc122267263093eee7edd4e3fa75395dfda8c17a8e2",
                "sha256:bcb238c9c96c00d3085b264e5c1a1207672577b93fa666c3b14a45240b14123a",
                "sha256:bf2ec4b75d0e9356edea834d1de42b31fe11f726a81dfb2c2112bc1eaa508fcf",
                "sha256:d136337ae3cc69aa5e447e78d8e1514be8c3ec9b54264e680cf0b4bd9011574f",
                "sha256:d4bf4d43077db55589ffc9009c0ba0a94fa4908b9586d6ccce2e0b164c86303c",
                "sha256:d6a96eef20f639e6a97d23e57dd0c1b1069a7b4fd7027482a4c5c451cd7732f4",
                "sha256:d9caa9d5e682102453d96a0ee10c7241b72859b01a941a397fd965f23b3e016b",
                "sha256:dd1c8f6bd65d07d3810b90d02eba7997e32abbdf1277a481d698969e921a3be0",
                "sha256:e31f0bb5928b793169b87e3d1e070f2342b22d5245c755e2b81caa29756246c3",
                "sha256:ecb55251139706669fdec2ff073c98ef8e9a84473e51e716211b41aa0f18e656",
                "sha256:ee5ec40fdd06d62fe5d4084bef4fd50fd4bb6bfd2bf519365f569dc470163ab0",
                "sha256:f17e562de9edf691a42ddb1eb4a5541c20dd3f9e65b09ded2beb0799c0cf29bb",
                "sha256:fdffbfb6832cd0b300995a2b08b8f6fa9f6e856d562800fea9182316d99c4e8e"
            ],
            "markers": "python_version < '3.11' and python_version >= '3.7'",
            "version": "==1.21.6"
        },
        "ortools": {
            "hashes": [
                "sha256:1b38e32f24bd2549025f3ddb6ea3edf458b62c17187a5530708c20af55eebe9c",
                "sha256:25fb42b3ab7d0a27b66aa814e0e3fd919a6e6a252f3846674b4ac795cdbf7b96",
                "sha256:2687c972589634a64ab6dc23f004167dd3eb2f1b6663c329a62ea7f58b7d36cf",
                "sha256:2eeefb4958468b943e1dd81cdd3faebf1c584e703f149043fd60b9fb449629a7",
                "sha256:4715eaa177fe55a5d4357818c81b2d2e5605452e135f968f3de81a9d1d602453",
                "sha256:4c5bd8465452bbeccdf203c1f51c650b05d981d1e96876c2542fef69a98cb2d5",
                "sha256:4eb40eed4addf7356582d2c4757838df78c0e0a3715ce202c412a7d7000fb768",
                "sha256:57bb542eff91731da2d869e5ebfd1c0175c12857533887995ff4fb644753caea",
                "sha256:5cabfeaa6c2e9d371d3cba7f8e3c4bb32b83dee00a6a64bc0e454ed698ad1752",
                "sha256:606eba62ac1e36c540052a38199572c084419ad77b004c4260df9688f5bfa16f",
                "sha256:6f1b34683e9e996c71dd2f77d899f6e0bb876bf611fd708d5ca13d1acc7fcf37",
                "sha256:72f701772e83a611aa425d8b108ecd5c2ee98e67b4558ac053b95cd0c397b583",
                "sha256:8fd1a47f75ecdb153a05708ea0b17d1e81d4ea11b3f0263421e02a7374df2119",
                "sha256:95405c291342fabaaabd86e9e4e28244857258c975e83d562ab52fa2b399dc66",
                "sha256:974a0f45d06dd1db6411ab650041c6e062ef7d37e22ff40dc1aac8b8da08bdec",
                "sha256:a87ef0d5ffd4b4525d1585764ddfc43584c3d800958e5267f1d02ead295bc317",
                "sha256:b847ce036871d8bd84b045d7f8d383b6f8ae455d66eca4ebf5da49ff0cf6489e",
                "sha256:c0ea2fae22b2ce50530d1b300bca932e934c58dafce9646e860024007c4dfbca",
                "sha256:c294ef0f3fd062aeb74d3d58ec65e8af0e933710f9178e5e1f265e1941647d19",
                "sha256:c4abf1c0e6a70bb5578e98e1fcdd71936e9ae40e75cd61b8b97d77b3b8bba457",
                "sha256:cc259e0bb02be9a9fe6603b0bd01db3487b9c04461620ba5d33c66049949cd9b",
                "sha256:e327e59c9fc4315dc1436dab28740cf0b4660a5cde1e9b4db6d9277819ae95a9"
            ],
            "index": "pypi",
            "version": "==9.3.10497"
        },
        "protobuf": {
            "hashes": [
                "sha256:06059eb6953ff01e56a25cd02cca1a9649a75a7e65397b5b9b4e929ed71d10cf",
                "sha256:097c5d8a9808302fb0da7e20edf0b8d4703274d140fd25c5edabddcde43e081f",
                "sha256:284f86a6207c897542d7e956eb243a36bb8f9564c1742b253462386e96c6b78f",
                "sha256:32ca378605b41fd180dfe4e14d3226386d8d1b002ab31c969c366549e66a2bb7",
                "sha256:3cc797c9d15d7689ed507b165cd05913acb992d78b379f6014e013f9ecb20996",
                "sha256:62f1b5c4cd6c5402b4e2d63804ba49a327e0c386c99b1675c8a0fefda23b2067",
                "sha256:69ccfdf3657ba59569c64295b7d51325f91af586f8d5793b734260dfe2e94e2c",
                "sha256:6f50601512a3d23625d8a85b1638d914a0970f17920ff39cec63aaef80a93fb7",
                "sha256:7403941f6d0992d40161aa8bb23e12575637008a5a02283a930addc0508982f9",
                "sha256:755f3aee41354ae395e104d62119cb223339a8f3276a0cd009ffabfcdd46bb0c",
                "sha256:77053d28427a29987ca9caf7b72ccafee011257561259faba8dd308fda9a8739",
                "sha256:7e371f10abe57cee5021797126c93479f59fccc9693dafd6bd5633ab67808a91",
                "sha256:9016d01c91e8e625141d24ec1b20fed584703e527d28512aa8c8707f105a683c",
                "sha256:9be73ad47579abc26c12024239d3540e6b765182a91dbc88e23658ab71767153",
                "sha256:adc31566d027f45efe3f44eeb5b1f329da43891634d61c75a5944e9be6dd42c9",
                "sha256:adfc6cf69c7f8c50fd24c793964eef18f0ac321315439d94945820612849c388",
                "sha256:af0ebadc74e281a517141daad9d0f2c5d93ab78e9d455113719a45a49da9db4e",
                "sha256:cb29edb9eab15742d791e1025dd7b6a8f6fcb53802ad2f6e3adcb102051063ab",
                "sha256:cd68be2559e2a3b84f517fb029ee611546f7812b1fdd0aa2ecc9bc6ec0e4fdde",
                "sha256:cdee09140e1cd184ba9324ec1df410e7147242b94b5f8b0c64fc89e38a8ba531",
                "sha256:db977c4ca738dd9ce508557d4fce0f5aebd105e158c725beec86feb1f6bc20d8",
                "sha256:dd5789b2948ca702c17027c84c2accb552fc30f4622a98ab5c51fcfe8c50d3e7",
                "sha256:e250a42f15bf9d5b09fe1b293bdba2801cd520a9f5ea2d7fb7536d4441811d20",
                "sha256:ff8d8fa42675249bb456f5db06c00de6c2f4c27a065955917b28c4f15978b9c3"
            ],
            "markers": "python_version >= '3.7'",
            "version": "==3.20.1"
        },
        "six": {
            "hashes": [
                "sha256:1e61c37477a1626458e36f7b1d82aa5c9b094fa4802892072e49de9c60c4c926",
                "sha256:8abb2f1d86890a2dfb989f9a77cfcfd3e47c2a354b01111771326f8aa26e0254"
            ],
            "markers": "python_version >= '2.7' and python_version not in '3.0, 3.1, 3.2'",
            "version": "==1.16.0"
        }
    },
    "develop": {}
}
